
Microsoft Visual Studio Solution File, Format Version 12.00
# Visual Studio 15
Project("{FAE04EC0-301F-11D3-BF4B-00C04F79EFBC}") = "Assembly-CSharp-firstpass", "Assembly-CSharp-firstpass.csproj", "{BFE1672E-3A13-95A7-D492-7C5BABAB0C72}"
EndProject
Project("{FAE04EC0-301F-11D3-BF4B-00C04F79EFBC}") = "Assembly-CSharp", "Assembly-CSharp.csproj", "{4C8C19FE-A815-F22E-00EA-48B5185D855D}"
EndProject
Project("{FAE04EC0-301F-11D3-BF4B-00C04F79EFBC}") = "Assembly-CSharp-Editor-firstpass", "Assembly-CSharp-Editor-firstpass.csproj", "{0812859E-91F0-2EF8-506E-89267DBF37F7}"
EndProject
Global
	GlobalSection(SolutionConfigurationPlatforms) = preSolution
		Debug|Any CPU = Debug|Any CPU
		Release|Any CPU = Release|Any CPU
	EndGlobalSection
	GlobalSection(ProjectConfigurationPlatforms) = postSolution
		{BFE1672E-3A13-95A7-D492-7C5BABAB0C72}.Debug|Any CPU.ActiveCfg = Debug|Any CPU
		{BFE1672E-3A13-95A7-D492-7C5BABAB0C72}.Debug|Any CPU.Build.0 = Debug|Any CPU
		{BFE1672E-3A13-95A7-D492-7C5BABAB0C72}.Release|Any CPU.ActiveCfg = Release|Any CPU
		{BFE1672E-3A13-95A7-D492-7C5BABAB0C72}.Release|Any CPU.Build.0 = Release|Any CPU
		{4C8C19FE-A815-F22E-00EA-48B5185D855D}.Debug|Any CPU.ActiveCfg = Debug|Any CPU
		{4C8C19FE-A815-F22E-00EA-48B5185D855D}.Debug|Any CPU.Build.0 = Debug|Any CPU
		{4C8C19FE-A815-F22E-00EA-48B5185D855D}.Release|Any CPU.ActiveCfg = Release|Any CPU
		{4C8C19FE-A815-F22E-00EA-48B5185D855D}.Release|Any CPU.Build.0 = Release|Any CPU
		{0812859E-91F0-2EF8-506E-89267DBF37F7}.Debug|Any CPU.ActiveCfg = Debug|Any CPU
		{0812859E-91F0-2EF8-506E-89267DBF37F7}.Debug|Any CPU.Build.0 = Debug|Any CPU
		{0812859E-91F0-2EF8-506E-89267DBF37F7}.Release|Any CPU.ActiveCfg = Release|Any CPU
		{0812859E-91F0-2EF8-506E-89267DBF37F7}.Release|Any CPU.Build.0 = Release|Any CPU
	EndGlobalSection
	GlobalSection(SolutionProperties) = preSolution
		HideSolutionNode = FALSE
	EndGlobalSection
EndGlobal
